lockfileVersion: '9.0'

settings:
  autoInstallPeers: true
  excludeLinksFromLockfile: false

importers:

  .:
    dependencies:
      '@patternfly/patternfly':
        specifier: ^6.5.2
        version: 6.5.2

packages:

  '@patternfly/patternfly@6.5.2':
    resolution: {integrity: sha512-yZ71+1gt1VGzUN5amjDNd9NvttTnSOm9M0JeBL0YX1KaWXW1bmDPzTWEM+vQXuC4LVK0msHmR5hKB7KVpamAkA==}

snapshots:

  '@patternfly/patternfly@6.5.2': {}
