---
lockfileVersion: '9.0'

importers:

  .:
    configDependencies: {}
    packageManagerDependencies:
      pnpm:
        specifier: 12.4.1
        version: 12.4.1

packages:

  '@pnpm/exe.android-arm64@12.4.1':
    resolution: {integrity: sha512-/HwsqXMSmlOfgtV9+O0ratzjV6Vd/8n1hh4rGHpCGmDURvt52MwZxdbhyxP4K03ZfvgSDvotFPr8O+RzE5Eu8A==}
    cpu: [arm64]
    os: [android]

  '@pnpm/exe.android-x64@12.4.1':
    resolution: {integrity: sha512-+l74Qb4c2YjOzNKHXJLg+1wr8xHM1ckkUhnU5KRUK9TJqiiczt6yeTZqqzHIlJ8i6pAoj5V0OJevDRwnQKLgrQ==}
    cpu: [x64]
    os: [android]

  '@pnpm/exe.darwin-arm64@12.4.1':
    resolution: {integrity: sha512-6rkZkT3iGfaxknUdGHraqSWFvTa6N0ajAHluv9Ax0GRWs0sIcGNiFhDopv6xSZCsJZmG483aNS/b6UEDy3blfw==}
    cpu: [arm64]
    os: [darwin]

  '@pnpm/exe.darwin-x64@12.4.1':
    resolution: {integrity: sha512-Vb1CHlR88HghC1qUxjxjs82zQSXnXacPD+btG2CmG8Q/hBU7Q0/b2YWJKSQqZXicunV5khFtfTlAwJddV9RkYA==}
    cpu: [x64]
    os: [darwin]

  '@pnpm/exe.freebsd-x64@12.4.1':
    resolution: {integrity: sha512-iT3iHz3Nl0Sxxj7UPOtZ/aQ81AFsQhjoeWMAlPkSRO04gsgDGAXv3UYxOFaesMWsfNxaGn0A+CITbuCHFF66FA==}
    cpu: [x64]
    os: [freebsd]

  '@pnpm/exe.linux-arm64-musl@12.4.1':
    resolution: {integrity: sha512-aBooZfNXM5f+OGUgCAMFWpE/kAhsWfvmqIyMtHy6zl3aNxyInWrcY/Saln/UElzo7lZWMC0Yktroxd/2J26lNQ==}
    cpu: [arm64]
    os: [linux]
    libc: [musl]

  '@pnpm/exe.linux-arm64@12.4.1':
    resolution: {integrity: sha512-TlOdacTTP09BgcMvwWBFRsu8VAjfwqwnslBj+XSq1JFM3ck4f3k+1O/747EuctxZxs3/o785b6Q3s7Pd92Ptsg==}
    cpu: [arm64]
    os: [linux]
    libc: [glibc]

  '@pnpm/exe.linux-ppc64@12.4.1':
    resolution: {integrity: sha512-r/ab/MlIBo75oizUP5ITiziCCrnXz4SJwfErLQ+603AshB+Yq7xTMCoMtzTSCAMu6aaymIKkAFtZvd2J75Wq0w==}
    cpu: [ppc64]
    os: [linux]
    libc: [glibc]

  '@pnpm/exe.linux-riscv64@12.4.1':
    resolution: {integrity: sha512-C/D1QWdKMiB8+wv/spl1rGITFUuqC+aI/fb6h8NB5sqxsOaGXeYc/g891oCuzggHn6SODk9p+I09hI76x/cMNw==}
    cpu: [riscv64]
    os: [linux]
    libc: [glibc]

  '@pnpm/exe.linux-s390x@12.4.1':
    resolution: {integrity: sha512-nxz5zD4yXt94uzbStDk0QTPKW+aE92hH1b5tFXK9ctB1HE9Xcq1vjTiA2LsZMFC6p4gdu5OwQeFqYNAVGa6QlA==}
    cpu: [s390x]
    os: [linux]
    libc: [glibc]

  '@pnpm/exe.linux-x64-musl@12.4.1':
    resolution: {integrity: sha512-5AwgFdGhVUg2kIweYGfxzSLEHiIG77PQhZAkXC3TwofQHsu1Wr+TrV5/rNX2PopFnHRzuE581zoB8F6Wle32yg==}
    cpu: [x64]
    os: [linux]
    libc: [musl]

  '@pnpm/exe.linux-x64@12.4.1':
    resolution: {integrity: sha512-FJOZuuuQMhp0oLzBtcKkLXknBI92hfkmSnlKc47vfin4HrmfID5khY2lGekL9tCzk1cpR+HShEw/meFl+nHtzQ==}
    cpu: [x64]
    os: [linux]
    libc: [glibc]

  '@pnpm/exe.win32-arm64@12.4.1':
    resolution: {integrity: sha512-OO7eKBL9S+xk5hRy+JUUZSNJknGuGe3GEUffsrlC2LbqKF02g+VX1anGIzSbJDvkkdnpJhSlxF5AUz2JzJu2Jw==}
    cpu: [arm64]
    os: [win32]

  '@pnpm/exe.win32-x64@12.4.1':
    resolution: {integrity: sha512-x7gJHZgHo6hp354xCYA2NvoFzYJkHwovt2kVsUBK5EmXULLcP51JGMq09CX+5FRFJUZFKoXjLu3mZWmfP7o6PQ==}
    cpu: [x64]
    os: [win32]

  pnpm@12.4.1:
    resolution: {integrity: sha512-LoHjmdc/6DkNqyXgaqeIq3pZCCSNL1o3D4K0gRR6ano2e/gEj5pv22Rg8hpm8FQt7bi5TKLIcjWWdBkgsWVtTA==}
    engines: {node: '>=18.*'}
    hasBin: true

snapshots:

  '@pnpm/exe.android-arm64@12.4.1':
    optional: true

  '@pnpm/exe.android-x64@12.4.1':
    optional: true

  '@pnpm/exe.darwin-arm64@12.4.1':
    optional: true

  '@pnpm/exe.darwin-x64@12.4.1':
    optional: true

  '@pnpm/exe.freebsd-x64@12.4.1':
    optional: true

  '@pnpm/exe.linux-arm64-musl@12.4.1':
    optional: true

  '@pnpm/exe.linux-arm64@12.4.1':
    optional: true

  '@pnpm/exe.linux-ppc64@12.4.1':
    optional: true

  '@pnpm/exe.linux-riscv64@12.4.1':
    optional: true

  '@pnpm/exe.linux-s390x@12.4.1':
    optional: true

  '@pnpm/exe.linux-x64-musl@12.4.1':
    optional: true

  '@pnpm/exe.linux-x64@12.4.1':
    optional: true

  '@pnpm/exe.win32-arm64@12.4.1':
    optional: true

  '@pnpm/exe.win32-x64@12.4.1':
    optional: true

  pnpm@12.4.1:
    optionalDependencies:
      '@pnpm/exe.android-arm64': 12.4.1
      '@pnpm/exe.android-x64': 12.4.1
      '@pnpm/exe.darwin-arm64': 12.4.1
      '@pnpm/exe.darwin-x64': 12.4.1
      '@pnpm/exe.freebsd-x64': 12.4.1
      '@pnpm/exe.linux-arm64': 12.4.1
      '@pnpm/exe.linux-arm64-musl': 12.4.1
      '@pnpm/exe.linux-ppc64': 12.4.1
      '@pnpm/exe.linux-riscv64': 12.4.1
      '@pnpm/exe.linux-s390x': 12.4.1
      '@pnpm/exe.linux-x64': 12.4.1
      '@pnpm/exe.linux-x64-musl': 12.4.1
      '@pnpm/exe.win32-arm64': 12.4.1
      '@pnpm/exe.win32-x64': 12.4.1

---
lockfileVersion: '9.0'

settings:
  autoInstallPeers: true
  excludeLinksFromLockfile: false

importers:

  .:
    devDependencies:
      '@fortawesome/free-brands-svg-icons':
        specifier: ^7.3.1
        version: 7.3.1
      '@fortawesome/free-regular-svg-icons':
        specifier: ^7.3.1
        version: 7.3.1
      '@fortawesome/free-solid-svg-icons':
        specifier: ^7.3.1
        version: 7.3.1
      '@patternfly/patternfly':
        specifier: ^6.6.1
        version: 6.6.1
      '@patternfly/react-icons':
        specifier: ^6.6.1
        version: 6.6.1(react-dom@19.2.6(react@19.2.6))(react@19.2.6)
      '@types/node':
        specifier: ^26.5.1
        version: 26.5.1
      camelcase:
        specifier: ^9.0.0
        version: 9.0.0

packages:

  '@fortawesome/fontawesome-common-types@7.3.1':
    resolution: {integrity: sha512-k0C0sdHmZtAo6dRDtd1Z/qcpyHbL0CKsjV8seMY/21xGhY5Wsv0XRmiI/xEEH4y2c9b1+jvgNs/3EqhV27yUEA==}
    engines: {node: '>=6'}

  '@fortawesome/free-brands-svg-icons@7.3.1':
    resolution: {integrity: sha512-8eiNzycuFhy3mZsi5EVO8JpO3H8l7/kSCl4Gk4iUew9hJuzYFqAAD6kqgeEup3+YZ9hL+5cjjorGzrRLkYuURg==}
    engines: {node: '>=6'}

  '@fortawesome/free-regular-svg-icons@7.3.1':
    resolution: {integrity: sha512-q1EsmL7Q8DDnkRBUjSvrxbq7c9oVwwVjCn/xa5apKmdp65YSgzUg2y0Ltnd5aDbT6GdAQQdXql5Ha90ArqIReQ==}
    engines: {node: '>=6'}

  '@fortawesome/free-solid-svg-icons@7.3.1':
    resolution: {integrity: sha512-v0BLa0eqg7ubvVWeNSHVBs8fWH/GJicERZoJaxJ3FE/lj67VSqzoMg9pzfZVOfLMX10y0pGwQAuxoRVVH2patg==}
    engines: {node: '>=6'}

  '@patternfly/patternfly@6.6.1':
    resolution: {integrity: sha512-8P9C1TmFk5y5s2/1XVjmP9JmSyDXDiNBwPZewhPizULtqlaRu+Evljx/X1HTSFrCNY0qgI1uDKy+NXiorIniyA==}

  '@patternfly/react-icons@6.6.1':
    resolution: {integrity: sha512-EUHnTliMlUMNfaueyGTaNcdCDGN4CjLtQpNdSg6iWcl5oloHtUDEAIltP0nbCWnepMJDoM2YgjMlyjwWlkNzXg==}
    peerDependencies:
      react: ^17 || ^18 || ^19
      react-dom: ^17 || ^18 || ^19

  '@types/node@26.5.1':
    resolution: {integrity: sha512-CzNm2FezW4VR/LjG6yUdiEgLE/rAQ9Slj5gCu/C2VrdcW7I0ahNZ8DRbHT7zOZ6r3ONgd/bsQIeSaoDGrd1C6g==}

  camelcase@9.0.0:
    resolution: {integrity: sha512-TO9xmyXTZ9HUHI8M1OnvExxYB0eYVS/1e5s7IDMTAoIcwUd+aNcFODs6Xk83mobk0velyHFQgA1yIrvYc6wclw==}
    engines: {node: '>=20'}

  react-dom@19.2.6:
    resolution: {integrity: sha512-0prMI+hvBbPjsWnxDLxlCGyM8PN6UuWjEUCYmZhO67xIV9Xasa/r/vDnq+Xyq4Lo27g8QSbO5YzARu0D1Sps3g==}
    peerDependencies:
      react: ^19.2.6

  react@19.2.6:
    resolution: {integrity: sha512-sfWGGfavi0xr8Pg0sVsyHMAOziVYKgPLNrS7ig+ivMNb3wbCBw3KxtflsGBAwD3gYQlE/AEZsTLgToRrSCjb0Q==}
    engines: {node: '>=0.10.0'}

  scheduler@0.27.0:
    resolution: {integrity: sha512-eNv+WrVbKu1f3vbYJT/xtiF5syA5HPIMtf9IgY/nKg0sWqzAUEvqY/xm7OcZc/qafLx/iO9FgOmeSAp4v5ti/Q==}

  tslib@2.8.1:
    resolution: {integrity: sha512-oJFu94HQb+KVduSUQL7wnpmqnfmLsOA/nAh6b6EH0wCEoK0/mPeXU6c3wKDV83MkOuHPRHtSXKKU99IBazS/2w==}

  undici-types@8.9.0:
    resolution: {integrity: sha512-KTDyRTYX8sWmKXAikPHHSyc63CRPETMctyjKFupcC6OBLXT3xsN0e9aF7m+mIXutFWpUXuedtowG7iLOzp0kQg==}

snapshots:

  '@fortawesome/fontawesome-common-types@7.3.1': {}

  '@fortawesome/free-brands-svg-icons@7.3.1':
    dependencies:
      '@fortawesome/fontawesome-common-types': 7.3.1

  '@fortawesome/free-regular-svg-icons@7.3.1':
    dependencies:
      '@fortawesome/fontawesome-common-types': 7.3.1

  '@fortawesome/free-solid-svg-icons@7.3.1':
    dependencies:
      '@fortawesome/fontawesome-common-types': 7.3.1

  '@patternfly/patternfly@6.6.1': {}

  '@patternfly/react-icons@6.6.1(react-dom@19.2.6(react@19.2.6))(react@19.2.6)':
    dependencies:
      react: 19.2.6
      react-dom: 19.2.6(react@19.2.6)
      tslib: 2.8.1

  '@types/node@26.5.1':
    dependencies:
      undici-types: 8.9.0

  camelcase@9.0.0: {}

  react-dom@19.2.6(react@19.2.6):
    dependencies:
      react: 19.2.6
      scheduler: 0.27.0

  react@19.2.6: {}

  scheduler@0.27.0: {}

  tslib@2.8.1: {}

  undici-types@8.9.0: {}
