lockfileVersion: '9.0'

settings:
  autoInstallPeers: true
  excludeLinksFromLockfile: false

importers:

  .:
    devDependencies:
      '@fortawesome/free-brands-svg-icons':
        specifier: ^7.3.0
        version: 7.3.0
      '@fortawesome/free-regular-svg-icons':
        specifier: ^7.3.0
        version: 7.3.0
      '@fortawesome/free-solid-svg-icons':
        specifier: ^7.3.0
        version: 7.3.0
      '@patternfly/patternfly':
        specifier: ^6.6.0
        version: 6.6.0
      '@patternfly/react-icons':
        specifier: ^6.6.0
        version: 6.6.0(react-dom@19.2.6(react@19.2.6))(react@19.2.6)
      '@types/node':
        specifier: ^26.1.1
        version: 26.1.1
      camelcase:
        specifier: ^9.0.0
        version: 9.0.0

packages:

  '@fortawesome/fontawesome-common-types@7.3.0':
    resolution: {integrity: sha512-X/vND0Y1l9fVJ9O79UgtZnXSpz4aNF3bXlDxiJAEAm6kgeSftp9wjjBPgqzazJV8YlmxfRoeXNfSCJ48sf/Hhw==}
    engines: {node: '>=6'}

  '@fortawesome/free-brands-svg-icons@7.3.0':
    resolution: {integrity: sha512-W6C9ZbPWpwcUycq6U90lVbvWTrEnr01Td2x5jlO8fOtvww4kqDBMSmZqXQCc6FIIJD4kTH6G1MBRExAaSXz3yg==}
    engines: {node: '>=6'}

  '@fortawesome/free-regular-svg-icons@7.3.0':
    resolution: {integrity: sha512-4675NiHzJJs0dLStFpp5G1JNfMYxqFSxZ2iCaiMfHptjlc8McLG9oqcd5pFEiPiqfiV2YG25cJ9EYWIEhUvp+A==}
    engines: {node: '>=6'}

  '@fortawesome/free-solid-svg-icons@7.3.0':
    resolution: {integrity: sha512-YxI/CuwWeI3nPIoYU//vkDS+3ige/67DPZ6XwMATpYEFESzO9L8zfJOKllGRgIlpT/uebrZCcvAzp3peD7GmTw==}
    engines: {node: '>=6'}

  '@patternfly/patternfly@6.6.0':
    resolution: {integrity: sha512-drZ4wYFQdhYY+VxLIl8PqbYnJoEa0UrNhiUkMCKkgMVNPxmCfNa1d2eEA97tnp2aYew15jQp+MaZcQIQIG8wVg==}

  '@patternfly/react-icons@6.6.0':
    resolution: {integrity: sha512-cDDUm4PFxqeBo4PS08xO1eFd6CMTOppn5RS4fs2hAgu/vRFkPXuL0zZCkxgRg5asd/W4olEN7WrIAbvjKbHKiQ==}
    peerDependencies:
      react: ^17 || ^18 || ^19
      react-dom: ^17 || ^18 || ^19

  '@types/node@26.1.1':
    resolution: {integrity: sha512-nxAkRSVkN1Y0JC1W8ky/fTfkGsMmcrRsbx+3XoZE+rMOX71kLYTV7fLXpqud1GpbpP5TuffXFqfX7fH2GgZREw==}

  camelcase@9.0.0:
    resolution: {integrity: sha512-TO9xmyXTZ9HUHI8M1OnvExxYB0eYVS/1e5s7IDMTAoIcwUd+aNcFODs6Xk83mobk0velyHFQgA1yIrvYc6wclw==}
    engines: {node: '>=20'}

  react-dom@19.2.6:
    resolution: {integrity: sha512-0prMI+hvBbPjsWnxDLxlCGyM8PN6UuWjEUCYmZhO67xIV9Xasa/r/vDnq+Xyq4Lo27g8QSbO5YzARu0D1Sps3g==}
    peerDependencies:
      react: ^19.2.6

  react@19.2.6:
    resolution: {integrity: sha512-sfWGGfavi0xr8Pg0sVsyHMAOziVYKgPLNrS7ig+ivMNb3wbCBw3KxtflsGBAwD3gYQlE/AEZsTLgToRrSCjb0Q==}
    engines: {node: '>=0.10.0'}

  scheduler@0.27.0:
    resolution: {integrity: sha512-eNv+WrVbKu1f3vbYJT/xtiF5syA5HPIMtf9IgY/nKg0sWqzAUEvqY/xm7OcZc/qafLx/iO9FgOmeSAp4v5ti/Q==}

  tslib@2.8.1:
    resolution: {integrity: sha512-oJFu94HQb+KVduSUQL7wnpmqnfmLsOA/nAh6b6EH0wCEoK0/mPeXU6c3wKDV83MkOuHPRHtSXKKU99IBazS/2w==}

  undici-types@8.3.0:
    resolution: {integrity: sha512-j375ScV60dom+YkPFIfTLcOiPxkN/buHz5GobjLhixFuANaNs3C9l4GmrWqejgXWJ7BbJcFYpTEUkS1Ge8bpZQ==}

snapshots:

  '@fortawesome/fontawesome-common-types@7.3.0': {}

  '@fortawesome/free-brands-svg-icons@7.3.0':
    dependencies:
      '@fortawesome/fontawesome-common-types': 7.3.0

  '@fortawesome/free-regular-svg-icons@7.3.0':
    dependencies:
      '@fortawesome/fontawesome-common-types': 7.3.0

  '@fortawesome/free-solid-svg-icons@7.3.0':
    dependencies:
      '@fortawesome/fontawesome-common-types': 7.3.0

  '@patternfly/patternfly@6.6.0': {}

  '@patternfly/react-icons@6.6.0(react-dom@19.2.6(react@19.2.6))(react@19.2.6)':
    dependencies:
      react: 19.2.6
      react-dom: 19.2.6(react@19.2.6)
      tslib: 2.8.1

  '@types/node@26.1.1':
    dependencies:
      undici-types: 8.3.0

  camelcase@9.0.0: {}

  react-dom@19.2.6(react@19.2.6):
    dependencies:
      react: 19.2.6
      scheduler: 0.27.0

  react@19.2.6: {}

  scheduler@0.27.0: {}

  tslib@2.8.1: {}

  undici-types@8.3.0: {}
