lockfileVersion: '9.0'

settings:
  autoInstallPeers: true
  excludeLinksFromLockfile: false

importers:

  .:
    dependencies:
      '@patternfly/react-charts':
        specifier: ^8.6.0
        version: 8.6.0(react-dom@19.2.7(react@19.2.7))(react@19.2.7)(victory-area@37.3.6(react@19.2.7))(victory-axis@37.3.6(react@19.2.7))(victory-bar@37.3.6(react@19.2.7))(victory-box-plot@37.3.6(react@19.2.7))(victory-chart@37.3.6(react@19.2.7))(victory-core@37.3.6(react@19.2.7))(victory-create-container@37.3.6(react@19.2.7))(victory-cursor-container@37.3.6(react@19.2.7))(victory-group@37.3.6(react@19.2.7))(victory-legend@37.3.6(react@19.2.7))(victory-line@37.3.6(react@19.2.7))(victory-pie@37.3.6(react@19.2.7))(victory-scatter@37.3.6(react@19.2.7))(victory-stack@37.3.6(react@19.2.7))(victory-tooltip@37.3.6(react@19.2.7))(victory-voronoi-container@37.3.6(react@19.2.7))(victory-zoom-container@37.3.6(react@19.2.7))
      '@patternfly/react-styles':
        specifier: ^6.6.0
        version: 6.6.0
      '@patternfly/react-tokens':
        specifier: ^6.6.0
        version: 6.6.0
      hoist-non-react-statics:
        specifier: ^3.3.2
        version: 3.3.2
      lit:
        specifier: ^3.3.3
        version: 3.3.3
      lodash:
        specifier: ^4.18.1
        version: 4.18.1
      react:
        specifier: ^19.2.7
        version: 19.2.7
      react-dom:
        specifier: ^19.2.7
        version: 19.2.7(react@19.2.7)
      tslib:
        specifier: ^2.8.1
        version: 2.8.1
      victory-area:
        specifier: ^37.3.6
        version: 37.3.6(react@19.2.7)
      victory-axis:
        specifier: ^37.3.6
        version: 37.3.6(react@19.2.7)
      victory-bar:
        specifier: ^37.3.6
        version: 37.3.6(react@19.2.7)
      victory-box-plot:
        specifier: ^37.3.6
        version: 37.3.6(react@19.2.7)
      victory-chart:
        specifier: ^37.3.6
        version: 37.3.6(react@19.2.7)
      victory-core:
        specifier: ^37.3.6
        version: 37.3.6(react@19.2.7)
      victory-create-container:
        specifier: ^37.3.6
        version: 37.3.6(react@19.2.7)
      victory-cursor-container:
        specifier: ^37.3.6
        version: 37.3.6(react@19.2.7)
      victory-group:
        specifier: ^37.3.6
        version: 37.3.6(react@19.2.7)
      victory-legend:
        specifier: ^37.3.6
        version: 37.3.6(react@19.2.7)
      victory-line:
        specifier: ^37.3.6
        version: 37.3.6(react@19.2.7)
      victory-pie:
        specifier: ^37.3.6
        version: 37.3.6(react@19.2.7)
      victory-scatter:
        specifier: ^37.3.6
        version: 37.3.6(react@19.2.7)
      victory-stack:
        specifier: ^37.3.6
        version: 37.3.6(react@19.2.7)
      victory-tooltip:
        specifier: ^37.3.6
        version: 37.3.6(react@19.2.7)
      victory-voronoi-container:
        specifier: ^37.3.6
        version: 37.3.6(react@19.2.7)
      victory-zoom-container:
        specifier: ^37.3.6
        version: 37.3.6(react@19.2.7)
    devDependencies:
      rimraf:
        specifier: ^6.1.3
        version: 6.1.3
      vite:
        specifier: ^8.1.4
        version: 8.1.4

packages:

  '@emnapi/core@1.11.1':
    resolution: {integrity: sha512-RSvbQmHzdKzNsLYa/wHrbc3KN4sYLKAdPZxqiM2HATqv/SBk2/ENSHpvXGaLOMcsAyz0poEGqkmmKYG3OWiJEQ==}

  '@emnapi/runtime@1.11.1':
    resolution: {integrity: sha512-vgj7R3y3Wgx24IQaGPA/R6YFXLHVMOZ0uVEyIQPaWs+rd1AzfEMXlAC22FYwO1XkKR6NPsq7mUandH8oIRdZFw==}

  '@emnapi/wasi-threads@1.2.2':
    resolution: {integrity: sha512-c95qOXkHdydNKhscBTebqEC1CVAZpyqOfVfBzQ1qgzyl3gfeldUjIggDbIZgDKsHLgnsM+igH7TJ/eAasaVuMA==}

  '@lit-labs/ssr-dom-shim@1.6.0':
    resolution: {integrity: sha512-VHb0ALPMTlgKjM6yIxxoQNnpKyUKLD04VzeQdsiXkMqkvYlAHxq9glGLmgbb889/1GsohSOAjvQYoiBppXFqrQ==}

  '@lit/reactive-element@2.1.2':
    resolution: {integrity: sha512-pbCDiVMnne1lYUIaYNN5wrwQXDtHaYtg7YEFPeW+hws6U47WeFvISGUWekPGKWOP1ygrs0ef0o1VJMk1exos5A==}

  '@napi-rs/wasm-runtime@1.1.6':
    resolution: {integrity: sha512-ZLv/JdUfkvOy9eCnnBaGfiO+XimbjebAeO+MRQqD/B+FR1tnRN0tpKSJHRbE8sFfS6aqsXZ67TQjfwfsxULVbg==}
    peerDependencies:
      '@emnapi/core': ^1.7.1
      '@emnapi/runtime': ^1.7.1

  '@oxc-project/types@0.138.0':
    resolution: {integrity: sha512-1a7ZKmrRTCoN1XMZ4L0PyyqrMnrNlLyPuOkdSX2MZg7IiIGRUyurNhAm73ptDOraoBcIordsIGKNPKUzy3ZmfA==}

  '@patternfly/react-charts@8.6.0':
    resolution: {integrity: sha512-ReHg/zwPlPjP78RbjurbhHxA4BrAZnj3Z0OjBp9wLZTq3dX78d/uHW+BeEHOYT4NJwSbHfLbW/cqxhJQ4dzLLg==}
    peerDependencies:
      echarts: ^5.6.0 || ^6.0.0
      react: ^17 || ^18 || ^19
      react-dom: ^17 || ^18 || ^19
      victory-area: ^37.3.6
      victory-axis: ^37.3.6
      victory-bar: ^37.3.6
      victory-box-plot: ^37.3.6
      victory-chart: ^37.3.6
      victory-core: ^37.3.6
      victory-create-container: ^37.3.6
      victory-cursor-container: ^37.3.6
      victory-group: ^37.3.6
      victory-legend: ^37.3.6
      victory-line: ^37.3.6
      victory-pie: ^37.3.6
      victory-scatter: ^37.3.6
      victory-stack: ^37.3.6
      victory-tooltip: ^37.3.6
      victory-voronoi-container: ^37.3.6
      victory-zoom-container: ^37.3.6
    peerDependenciesMeta:
      echarts:
        optional: true
      victory-area:
        optional: true
      victory-axis:
        optional: true
      victory-bar:
        optional: true
      victory-box-plot:
        optional: true
      victory-chart:
        optional: true
      victory-core:
        optional: true
      victory-create-container:
        optional: true
      victory-cursor-container:
        optional: true
      victory-group:
        optional: true
      victory-legend:
        optional: true
      victory-line:
        optional: true
      victory-pie:
        optional: true
      victory-scatter:
        optional: true
      victory-stack:
        optional: true
      victory-tooltip:
        optional: true
      victory-voronoi-container:
        optional: true
      victory-zoom-container:
        optional: true

  '@patternfly/react-styles@6.6.0':
    resolution: {integrity: sha512-u/HzJ48Cg6Nb12dIVbj4g31lMDVHPHVKRXkRuPBcuK6MQyAsxSfcyWVivW7Lga8TsNhFW26JWB5ay+IW5xpZ8A==}

  '@patternfly/react-tokens@6.6.0':
    resolution: {integrity: sha512-oRUFYJAM9LKYTM9YRnd7rz3wB6ZoaBWit/Eu+EK22J4o5AhZRjLt0+ewXQ7I99dBP4c8BbnPEUFnxQYAroqNLg==}

  '@rolldown/binding-android-arm64@1.1.4':
    resolution: {integrity: sha512-EZLpf/8y7GXkkra90ML47kzik/GMP3EMcE9bPyHmRfxLC6z9+aW5A8poCsoxjrT5GfEcNAAvWwUHjvP1pUQkfw==}
    engines: {node: ^20.19.0 || >=22.12.0}
    cpu: [arm64]
    os: [android]

  '@rolldown/binding-darwin-arm64@1.1.4':
    resolution: {integrity: sha512-aUi+HBvmYb7j8krl1+qJgkG8C17fO79gk3c+jPw4S8glRFc1DTija9S3EyaTSQUm5GJXYKDAsugBEhFHH2vYiQ==}
    engines: {node: ^20.19.0 || >=22.12.0}
    cpu: [arm64]
    os: [darwin]

  '@rolldown/binding-darwin-x64@1.1.4':
    resolution: {integrity: sha512-F7hHC3gwY11+vByKPRWqwGbeXWVgKmL+pTGCinaEhdihzBV2aQ0fvZOch9cXYUOKuKKq429HeYXOqQLc7wFCEg==}
    engines: {node: ^20.19.0 || >=22.12.0}
    cpu: [x64]
    os: [darwin]

  '@rolldown/binding-freebsd-x64@1.1.4':
    resolution: {integrity: sha512-sI5yw+7s92SK6odiEhD5lKCBlWcpjHS5qyqpVQbZAJ0fIzEUXrmbl3DH2ybR3PZogulNJF+COLtmA8hUfvkCCQ==}
    engines: {node: ^20.19.0 || >=22.12.0}
    cpu: [x64]
    os: [freebsd]

  '@rolldown/binding-linux-arm-gnueabihf@1.1.4':
    resolution: {integrity: sha512-mCi0OKgEieFircrtVYmQAFGszRtMnZ6fpZAXrxanXAu7lqZcsK1E1RAaZNG0uKAnxox3B1f4EyQNnoyMfN1vAA==}
    engines: {node: ^20.19.0 || >=22.12.0}
    cpu: [arm]
    os: [linux]

  '@rolldown/binding-linux-arm64-gnu@1.1.4':
    resolution: {integrity: sha512-B9Ial3Kv5sh0SHnB1g/QWcUQCEvCF6QKGAl4zXypYj65mVI+B4AhFBwPtSN7pDrJeIx8Z7zdy4ntx+wQABom7w==}
    engines: {node: ^20.19.0 || >=22.12.0}
    cpu: [arm64]
    os: [linux]
    libc: [glibc]

  '@rolldown/binding-linux-arm64-musl@1.1.4':
    resolution: {integrity: sha512-lZVym0PuHE1KZ22gmFTC15lAkrg9iTszR617oYRB/iPY1A56ywoJzVKOJBKaot5RiikCObmur6pogpse3gRcng==}
    engines: {node: ^20.19.0 || >=22.12.0}
    cpu: [arm64]
    os: [linux]
    libc: [musl]

  '@rolldown/binding-linux-ppc64-gnu@1.1.4':
    resolution: {integrity: sha512-t2DNiLJWNTbnEHyUzTumldML6ET4/g16467LZoDDJ3tSxGvguL5/NyC2lCsNKuyRycg9XeDQF5SSv+TNOhQEXg==}
    engines: {node: ^20.19.0 || >=22.12.0}
    cpu: [ppc64]
    os: [linux]
    libc: [glibc]

  '@rolldown/binding-linux-s390x-gnu@1.1.4':
    resolution: {integrity: sha512-0WIRnL1Uw4BvTZRLQt+PVgo6ZKTJadlC2btP+/EOXv2f/DWbY0rEgl+y834mIVwP1FkTlWVTrGGJXf12lru7EQ==}
    engines: {node: ^20.19.0 || >=22.12.0}
    cpu: [s390x]
    os: [linux]
    libc: [glibc]

  '@rolldown/binding-linux-x64-gnu@1.1.4':
    resolution: {integrity: sha512-JWtGshGfX+oENAKonoNkqEJX+7hC8yfhi9GUyPX1VX4mdh1y5r+ZiJLR5XzAB0aoP6s/PcILsGjKq8O0mm24bw==}
    engines: {node: ^20.19.0 || >=22.12.0}
    cpu: [x64]
    os: [linux]
    libc: [glibc]

  '@rolldown/binding-linux-x64-musl@1.1.4':
    resolution: {integrity: sha512-rT6yQcxUuXs4CnbofqwHRRV0iem349rLMYpTjkgQGLjrY4ado/eDzwPZPTCgTOlF6Nkp8NEv70yLMTn6qkWxsQ==}
    engines: {node: ^20.19.0 || >=22.12.0}
    cpu: [x64]
    os: [linux]
    libc: [musl]

  '@rolldown/binding-openharmony-arm64@1.1.4':
    resolution: {integrity: sha512-KXMGoboq5cyaCQjDA4GLuRiOwBQ0EyFnJoVViLeZ45/3rFItRODEr+NdsBcVpll40hhNArlm/speWGRvj08LzA==}
    engines: {node: ^20.19.0 || >=22.12.0}
    cpu: [arm64]
    os: [openharmony]

  '@rolldown/binding-wasm32-wasi@1.1.4':
    resolution: {integrity: sha512-5K83rb36oJiY7BCyE9zLZtGcPV4g5wvq+xwdO0XPIwDVZI8cyB/AUjkNXGb92/rnmezEkjMOpgY61rtwjQtFwg==}
    engines: {node: ^20.19.0 || >=22.12.0}
    cpu: [wasm32]

  '@rolldown/binding-win32-arm64-msvc@1.1.4':
    resolution: {integrity: sha512-PnWBtw3TV5KOg69HQQDR0mnQuyCmSGR2pAB4DC1rPF808fgKeTUMj2EOEyKATpgiuxuR5APQmiDO7PDgEjTFSA==}
    engines: {node: ^20.19.0 || >=22.12.0}
    cpu: [arm64]
    os: [win32]

  '@rolldown/binding-win32-x64-msvc@1.1.4':
    resolution: {integrity: sha512-M1lpniBePobTfsa7Ks9a199e1akxsXn+GYBUKsEzv3YFzOm1HJAMNwKI3qr0Zq+mxwx9gOZoTdP1yXRYsZUocQ==}
    engines: {node: ^20.19.0 || >=22.12.0}
    cpu: [x64]
    os: [win32]

  '@rolldown/pluginutils@1.0.1':
    resolution: {integrity: sha512-2j9bGt5Jh8hj+vPtgzPtl72j0yRxHAyumoo6TNfAjsLB04UtpSvPbPcDcBMxz7n+9CYB0c1GxQFxYRg2jimqGw==}

  '@tybys/wasm-util@0.10.3':
    resolution: {integrity: sha512-F3fo1MYrRJYL3zER0OUOmkutjr1Vp23m7OsSgp7nq4SP6OqX6C/56XFIPAl5bt3zaBRjmW7SGz3u/6LwFpYcOg==}

  '@types/d3-array@3.2.2':
    resolution: {integrity: sha512-hOLWVbm7uRza0BYXpIIW5pxfrKe0W+D5lrFiAEYR+pb6w3N2SwSMaJbXdUfSEv+dT4MfHBLtn5js0LAWaO6otw==}

  '@types/d3-color@3.1.3':
    resolution: {integrity: sha512-iO90scth9WAbmgv7ogoq57O9YpKmFBbmoEoCHDB2xMBY0+/KVrqAaCDyCE16dUspeOvIxFFRI+0sEtqDqy2b4A==}

  '@types/d3-ease@3.0.2':
    resolution: {integrity: sha512-NcV1JjO5oDzoK26oMzbILE6HW7uVXOHLQvHshBUW4UMdZGfiY6v5BeQwh9a9tCzv+CeefZQHJt5SRgK154RtiA==}

  '@types/d3-interpolate@3.0.4':
    resolution: {integrity: sha512-mgLPETlrpVV1YRJIglr4Ez47g7Yxjl1lj7YKsiMCb27VJH9W8NVM6Bb9d8kkpG/uAQS5AmbA48q2IAolKKo1MA==}

  '@types/d3-path@3.1.1':
    resolution: {integrity: sha512-VMZBYyQvbGmWyWVea0EHs/BwLgxc+MKi1zLDCONksozI4YJMcTt8ZEuIR4Sb1MMTE8MMW49v0IwI5+b7RmfWlg==}

  '@types/d3-scale@4.0.9':
    resolution: {integrity: sha512-dLmtwB8zkAeO/juAMfnV+sItKjlsw2lKdZVVy6LRr0cBmegxSABiLEpGVmSJJ8O08i4+sGR6qQtb6WtuwJdvVw==}

  '@types/d3-shape@3.1.8':
    resolution: {integrity: sha512-lae0iWfcDeR7qt7rA88BNiqdvPS5pFVPpo5OfjElwNaT2yyekbM0C9vK+yqBqEmHr6lDkRnYNoTBYlAgJa7a4w==}

  '@types/d3-time@3.0.4':
    resolution: {integrity: sha512-yuzZug1nkAAaBlBBikKZTgzCeA+k1uy4ZFwWANOfKw5z5LRhV0gNA7gNkKm7HoK+HRN0wX3EkxGk0fpbWhmB7g==}

  '@types/d3-timer@3.0.2':
    resolution: {integrity: sha512-Ps3T8E8dZDam6fUyNiMkekK3XUsaUEik+idO9/YjPtfj2qruF8tFBXS7XhtE4iIXBLxhmLjP3SXpLhVf21I9Lw==}

  '@types/trusted-types@2.0.7':
    resolution: {integrity: sha512-ScaPdn1dQczgbl0QFTeTOmVHFULt394XJgOQNoyVhZ6r2vLnMLJfBPd53SB52T/3G36VI1/g2MZaX0cwDuXsfw==}

  balanced-match@4.0.4:
    resolution: {integrity: sha512-BLrgEcRTwX2o6gGxGOCNyMvGSp35YofuYzw9h1IMTRmKqttAZZVU67bdb9Pr2vUHA8+j3i2tJfjO6C6+4myGTA==}
    engines: {node: 18 || 20 || >=22}

  brace-expansion@5.0.6:
    resolution: {integrity: sha512-kLpxurY4Z4r9sgMsyG0Z9uzsBlgiU/EFKhj/h91/8yHu0edo7XuixOIH3VcJ8kkxs6/jPzoI6U9Vj3WqbMQ94g==}
    engines: {node: 18 || 20 || >=22}

  d3-array@3.2.4:
    resolution: {integrity: sha512-tdQAmyA18i4J7wprpYq8ClcxZy3SC31QMeByyCFyRt7BVHdREQZ5lpzoe5mFEYZUWe+oq8HBvk9JjpibyEV4Jg==}
    engines: {node: '>=12'}

  d3-color@3.1.0:
    resolution: {integrity: sha512-zg/chbXyeBtMQ1LbD/WSoW2DpC3I0mpmPdW+ynRTj/x2DAWYrIY7qeZIHidozwV24m4iavr15lNwIwLxRmOxhA==}
    engines: {node: '>=12'}

  d3-ease@3.0.1:
    resolution: {integrity: sha512-wR/XK3D3XcLIZwpbvQwQ5fK+8Ykds1ip7A2Txe0yxncXSdq1L9skcG7blcedkOX+ZcgxGAmLX1FrRGbADwzi0w==}
    engines: {node: '>=12'}

  d3-format@3.1.2:
    resolution: {integrity: sha512-AJDdYOdnyRDV5b6ArilzCPPwc1ejkHcoyFarqlPqT7zRYjhavcT3uSrqcMvsgh2CgoPbK3RCwyHaVyxYcP2Arg==}
    engines: {node: '>=12'}

  d3-interpolate@3.0.1:
    resolution: {integrity: sha512-3bYs1rOD33uo8aqJfKP3JWPAibgw8Zm2+L9vBKEHJ2Rg+viTR7o5Mmv5mZcieN+FRYaAOWX5SJATX6k1PWz72g==}
    engines: {node: '>=12'}

  d3-path@3.1.0:
    resolution: {integrity: sha512-p3KP5HCf/bvjBSSKuXid6Zqijx7wIfNW+J/maPs+iwR35at5JCbLUT0LzF1cnjbCHWhqzQTIN2Jpe8pRebIEFQ==}
    engines: {node: '>=12'}

  d3-scale@4.0.2:
    resolution: {integrity: sha512-GZW464g1SH7ag3Y7hXjf8RoUuAFIqklOAq3MRl4OaWabTFJY9PN/E1YklhXLh+OQ3fM9yS2nOkCoS+WLZ6kvxQ==}
    engines: {node: '>=12'}

  d3-shape@3.2.0:
    resolution: {integrity: sha512-SaLBuwGm3MOViRq2ABk3eLoxwZELpH6zhl3FbAoJ7Vm1gofKx6El1Ib5z23NUEhF9AsGl7y+dzLe5Cw2AArGTA==}
    engines: {node: '>=12'}

  d3-time-format@4.1.0:
    resolution: {integrity: sha512-dJxPBlzC7NugB2PDLwo9Q8JiTR3M3e4/XANkreKSUxF8vvXKqm1Yfq4Q5dl8budlunRVlUUaDUgFt7eA8D6NLg==}
    engines: {node: '>=12'}

  d3-time@3.1.0:
    resolution: {integrity: sha512-VqKjzBLejbSMT4IgbmVgDjpkYrNWUYJnbCGo874u7MMKIWsILRX+OpX/gTk8MqjpT1A/c6HY2dCA77ZN0lkQ2Q==}
    engines: {node: '>=12'}

  d3-timer@3.0.1:
    resolution: {integrity: sha512-ndfJ/JxxMd3nw31uyKoY2naivF+r29V+Lc0svZxe1JvvIRmi8hUsrMvdOwgS1o6uBHmiz91geQ0ylPP0aj1VUA==}
    engines: {node: '>=12'}

  delaunator@4.0.1:
    resolution: {integrity: sha512-WNPWi1IRKZfCt/qIDMfERkDp93+iZEmOxN2yy4Jg+Xhv8SLk2UTqqbe1sfiipn0and9QrE914/ihdx82Y/Giag==}

  delaunay-find@0.0.6:
    resolution: {integrity: sha512-1+almjfrnR7ZamBk0q3Nhg6lqSe6Le4vL0WJDSMx4IDbQwTpUTXPjxC00lqLBT8MYsJpPCbI16sIkw9cPsbi7Q==}

  detect-libc@2.1.2:
    resolution: {integrity: sha512-Btj2BOOO83o3WyH59e8MgXsxEQVcarkUOpEYrubB0urwnN10yQ364rsiByU11nZlqWYZm05i/of7io4mzihBtQ==}
    engines: {node: '>=8'}

  fdir@6.5.0:
    resolution: {integrity: sha512-tIbYtZbucOs0BRGqPJkshJUYdL+SDH7dVM8gjy+ERp3WAUjLEFJE+02kanyHtwjWOnwrKYBiwAmM0p4kLJAnXg==}
    engines: {node: '>=12.0.0'}
    peerDependencies:
      picomatch: ^3 || ^4
    peerDependenciesMeta:
      picomatch:
        optional: true

  fsevents@2.3.3:
    resolution: {integrity: sha512-5xoDfX+fL7faATnagmWPpbFtwh/R77WmMMqqHGS65C3vvB0YHrgF+B1YmZ3441tMj5n63k0212XNoJwzlhffQw==}
    engines: {node: ^8.16.0 || ^10.6.0 || >=11.0.0}
    os: [darwin]

  glob@13.0.6:
    resolution: {integrity: sha512-Wjlyrolmm8uDpm/ogGyXZXb1Z+Ca2B8NbJwqBVg0axK9GbBeoS7yGV6vjXnYdGm6X53iehEuxxbyiKp8QmN4Vw==}
    engines: {node: 18 || 20 || >=22}

  hoist-non-react-statics@3.3.2:
    resolution: {integrity: sha512-/gGivxi8JPKWNm/W0jSmzcMPpfpPLc3dY/6GxhX2hQ9iGj3aDfklV4ET7NjKpSinLpJ5vafa9iiGIEZg10SfBw==}

  internmap@2.0.3:
    resolution: {integrity: sha512-5Hh7Y1wQbvY5ooGgPbDaL5iYLAPzMTUrjMulskHLH6wnv/A+1q5rgEaiuqEjB+oxGXIVZs1FF+R/KPN3ZSQYYg==}
    engines: {node: '>=12'}

  json-stringify-safe@5.0.1:
    resolution: {integrity: sha512-ZClg6AaYvamvYEE82d3Iyd3vSSIjQ+odgjaTzRuO3s7toCdFKczob2i0zCh7JE8kWn17yvAWhUVxvqGwUalsRA==}

  lightningcss-android-arm64@1.32.0:
    resolution: {integrity: sha512-YK7/ClTt4kAK0vo6w3X+Pnm0D2cf2vPHbhOXdoNti1Ga0al1P4TBZhwjATvjNwLEBCnKvjJc2jQgHXH0NEwlAg==}
    engines: {node: '>= 12.0.0'}
    cpu: [arm64]
    os: [android]

  lightningcss-darwin-arm64@1.32.0:
    resolution: {integrity: sha512-RzeG9Ju5bag2Bv1/lwlVJvBE3q6TtXskdZLLCyfg5pt+HLz9BqlICO7LZM7VHNTTn/5PRhHFBSjk5lc4cmscPQ==}
    engines: {node: '>= 12.0.0'}
    cpu: [arm64]
    os: [darwin]

  lightningcss-darwin-x64@1.32.0:
    resolution: {integrity: sha512-U+QsBp2m/s2wqpUYT/6wnlagdZbtZdndSmut/NJqlCcMLTWp5muCrID+K5UJ6jqD2BFshejCYXniPDbNh73V8w==}
    engines: {node: '>= 12.0.0'}
    cpu: [x64]
    os: [darwin]

  lightningcss-freebsd-x64@1.32.0:
    resolution: {integrity: sha512-JCTigedEksZk3tHTTthnMdVfGf61Fky8Ji2E4YjUTEQX14xiy/lTzXnu1vwiZe3bYe0q+SpsSH/CTeDXK6WHig==}
    engines: {node: '>= 12.0.0'}
    cpu: [x64]
    os: [freebsd]

  lightningcss-linux-arm-gnueabihf@1.32.0:
    resolution: {integrity: sha512-x6rnnpRa2GL0zQOkt6rts3YDPzduLpWvwAF6EMhXFVZXD4tPrBkEFqzGowzCsIWsPjqSK+tyNEODUBXeeVHSkw==}
    engines: {node: '>= 12.0.0'}
    cpu: [arm]
    os: [linux]

  lightningcss-linux-arm64-gnu@1.32.0:
    resolution: {integrity: sha512-0nnMyoyOLRJXfbMOilaSRcLH3Jw5z9HDNGfT/gwCPgaDjnx0i8w7vBzFLFR1f6CMLKF8gVbebmkUN3fa/kQJpQ==}
    engines: {node: '>= 12.0.0'}
    cpu: [arm64]
    os: [linux]
    libc: [glibc]

  lightningcss-linux-arm64-musl@1.32.0:
    resolution: {integrity: sha512-UpQkoenr4UJEzgVIYpI80lDFvRmPVg6oqboNHfoH4CQIfNA+HOrZ7Mo7KZP02dC6LjghPQJeBsvXhJod/wnIBg==}
    engines: {node: '>= 12.0.0'}
    cpu: [arm64]
    os: [linux]
    libc: [musl]

  lightningcss-linux-x64-gnu@1.32.0:
    resolution: {integrity: sha512-V7Qr52IhZmdKPVr+Vtw8o+WLsQJYCTd8loIfpDaMRWGUZfBOYEJeyJIkqGIDMZPwPx24pUMfwSxxI8phr/MbOA==}
    engines: {node: '>= 12.0.0'}
    cpu: [x64]
    os: [linux]
    libc: [glibc]

  lightningcss-linux-x64-musl@1.32.0:
    resolution: {integrity: sha512-bYcLp+Vb0awsiXg/80uCRezCYHNg1/l3mt0gzHnWV9XP1W5sKa5/TCdGWaR/zBM2PeF/HbsQv/j2URNOiVuxWg==}
    engines: {node: '>= 12.0.0'}
    cpu: [x64]
    os: [linux]
    libc: [musl]

  lightningcss-win32-arm64-msvc@1.32.0:
    resolution: {integrity: sha512-8SbC8BR40pS6baCM8sbtYDSwEVQd4JlFTOlaD3gWGHfThTcABnNDBda6eTZeqbofalIJhFx0qKzgHJmcPTnGdw==}
    engines: {node: '>= 12.0.0'}
    cpu: [arm64]
    os: [win32]

  lightningcss-win32-x64-msvc@1.32.0:
    resolution: {integrity: sha512-Amq9B/SoZYdDi1kFrojnoqPLxYhQ4Wo5XiL8EVJrVsB8ARoC1PWW6VGtT0WKCemjy8aC+louJnjS7U18x3b06Q==}
    engines: {node: '>= 12.0.0'}
    cpu: [x64]
    os: [win32]

  lightningcss@1.32.0:
    resolution: {integrity: sha512-NXYBzinNrblfraPGyrbPoD19C1h9lfI/1mzgWYvXUTe414Gz/X1FD2XBZSZM7rRTrMA8JL3OtAaGifrIKhQ5yQ==}
    engines: {node: '>= 12.0.0'}

  lit-element@4.2.2:
    resolution: {integrity: sha512-aFKhNToWxoyhkNDmWZwEva2SlQia+jfG0fjIWV//YeTaWrVnOxD89dPKfigCUspXFmjzOEUQpOkejH5Ly6sG0w==}

  lit-html@3.3.3:
    resolution: {integrity: sha512-el8M6jK2o3RXBnrSHX3ZKrsN8zEV63pSExTO1wYJz7QndGYZ8353e2a5PPX+qHe2aGayfnchQmkAojaWAREOIA==}

  lit@3.3.3:
    resolution: {integrity: sha512-fycuvZg/hkpozL00lm1pEJH5nN/lr9ZXd6mJI2HSN4+Bzc+LDNdEApJ6HFbPkdFNHLvOplIIuJvxkS4XUxqirw==}

  lodash@4.18.1:
    resolution: {integrity: sha512-dMInicTPVE8d1e5otfwmmjlxkZoUpiVLwyeTdUsi/Caj/gfzzblBcCE5sRHV/AsjuCmxWrte2TNGSYuCeCq+0Q==}

  lru-cache@11.5.1:
    resolution: {integrity: sha512-RPimw/7aMdv2oqRrxKwvZXcPfwBrn/JZ2xYcY9Hus/6LaS3VOAKVWKWgNLCFSiOm1ESXinjsDlidVU7JlnCN2A==}
    engines: {node: 20 || >=22}

  minimatch@10.2.5:
    resolution: {integrity: sha512-MULkVLfKGYDFYejP07QOurDLLQpcjk7Fw+7jXS2R2czRQzR56yHRveU5NDJEOviH+hETZKSkIk5c+T23GjFUMg==}
    engines: {node: 18 || 20 || >=22}

  minipass@7.1.3:
    resolution: {integrity: sha512-tEBHqDnIoM/1rXME1zgka9g6Q2lcoCkxHLuc7ODJ5BxbP5d4c2Z5cGgtXAku59200Cx7diuHTOYfSBD8n6mm8A==}
    engines: {node: '>=16 || 14 >=14.17'}

  nanoid@3.3.12:
    resolution: {integrity: sha512-ZB9RH/39qpq5Vu6Y+NmUaFhQR6pp+M2Xt76XBnEwDaGcVAqhlvxrl3B2bKS5D3NH3QR76v3aSrKaF/Kiy7lEtQ==}
    engines: {node: ^10 || ^12 || ^13.7 || ^14 || >=15.0.1}
    hasBin: true

  package-json-from-dist@1.0.1:
    resolution: {integrity: sha512-UEZIS3/by4OC8vL3P2dTXRETpebLI2NiI5vIrjaD/5UtrkFX/tNbwjTSRAGC/+7CAo2pIcBaRgWmcBBHcsaCIw==}

  path-scurry@2.0.2:
    resolution: {integrity: sha512-3O/iVVsJAPsOnpwWIeD+d6z/7PmqApyQePUtCndjatj/9I5LylHvt5qluFaBT3I5h3r1ejfR056c+FCv+NnNXg==}
    engines: {node: 18 || 20 || >=22}

  picocolors@1.1.1:
    resolution: {integrity: sha512-xceH2snhtb5M9liqDsmEw56le376mTZkEX/jEb/RxNFyegNul7eNslCXP9FDj/Lcu0X8KEyMceP2ntpaHrDEVA==}

  picomatch@4.0.4:
    resolution: {integrity: sha512-QP88BAKvMam/3NxH6vj2o21R6MjxZUAd6nlwAS/pnGvN9IVLocLHxGYIzFhg6fUQ+5th6P4dv4eW9jX3DSIj7A==}
    engines: {node: '>=12'}

  picomatch@4.0.5:
    resolution: {integrity: sha512-RvwwcruNjI1ncT5xRakeyS9Lf8lcItv34KD+aif+VH9kduAyfYBipGh12274xtenIPZ119/R9BdTBa8gAwSh0A==}
    engines: {node: '>=12'}

  postcss@8.5.16:
    resolution: {integrity: sha512-vuwillviilfKZsg0VGj5R/YwwcHx4SLsIOI/7K6mQkWx+l5cUHTjj5g0AasTBcyXsbfTgrwsUNmVUb5xVwyPwg==}
    engines: {node: ^10 || ^12 || >=14}

  react-dom@19.2.7:
    resolution: {integrity: sha512-t0BRVXvbiE/o20Hfw669rLbMCDWtYZLvmJigy2f0MxsXF+71pxhR3xOkspmsO8h3ZlNzyibAmtCa3l4lYKk6gQ==}
    peerDependencies:
      react: ^19.2.7

  react-fast-compare@3.2.2:
    resolution: {integrity: sha512-nsO+KSNgo1SbJqJEYRE9ERzo7YtYbou/OqjSQKxV7jcKox7+usiUVZOAC+XnDOABXggQTno0Y1CpVnuWEc1boQ==}

  react-is@16.13.1:
    resolution: {integrity: sha512-24e6ynE2H+OKt4kqsOvNd8kBpV65zoxbA4BVsEOB3ARVWQki/DHzaUoC5KuON/BiccDaCCTZBuOcfZs70kR8bQ==}

  react@19.2.7:
    resolution: {integrity: sha512-HNe9WslTbXmFK8o8cmwgAeJFSBvt1bPdHCVKtaaV+WlAN36mpT4hcRpwbf3fY56ar2oIXzsBpOAiIRHAdY0OlQ==}
    engines: {node: '>=0.10.0'}

  rimraf@6.1.3:
    resolution: {integrity: sha512-LKg+Cr2ZF61fkcaK1UdkH2yEBBKnYjTyWzTJT6KNPcSPaiT7HSdhtMXQuN5wkTX0Xu72KQ1l8S42rlmexS2hSA==}
    engines: {node: 20 || >=22}
    hasBin: true

  rolldown@1.1.4:
    resolution: {integrity: sha512-IjZYiLxZwpnhwhdBH2ugdTGVSdhCQUmLxLoqyjiL0JxYjyRst+5a0P3xfrTxJ5F638j4Mvvw5FAX5XE6eHpXbA==}
    engines: {node: ^20.19.0 || >=22.12.0}
    hasBin: true

  scheduler@0.27.0:
    resolution: {integrity: sha512-eNv+WrVbKu1f3vbYJT/xtiF5syA5HPIMtf9IgY/nKg0sWqzAUEvqY/xm7OcZc/qafLx/iO9FgOmeSAp4v5ti/Q==}

  source-map-js@1.2.1:
    resolution: {integrity: sha512-UXWMKhLOwVKb728IUtQPXxfYU+usdybtUrK/8uGE8CQMvrhOpwvzDBwj0QhSL7MQc7vIsISBG8VQ8+IDQxpfQA==}
    engines: {node: '>=0.10.0'}

  tinyglobby@0.2.17:
    resolution: {integrity: sha512-wXR/dYpcqKmfWpEdZjiKJOwCNFndD0DMnrW/cYjVGttEkBfVgcLFHoNrlj47mjOVic9yyNu65alsgF4NQyTa2g==}
    engines: {node: '>=12.0.0'}

  tslib@2.8.1:
    resolution: {integrity: sha512-oJFu94HQb+KVduSUQL7wnpmqnfmLsOA/nAh6b6EH0wCEoK0/mPeXU6c3wKDV83MkOuHPRHtSXKKU99IBazS/2w==}

  victory-area@37.3.6:
    resolution: {integrity: sha512-wVC8LKrZJLiSySNuJLRCB449qZTsPiRyzLlNoJwe21y+XA/a2HJbmJSeywmo8P153aX8viKe1H8ygDsTFXQhHw==}
    engines: {node: '>=18.0.0'}
    peerDependencies:
      react: '>=16.6.0'

  victory-axis@37.3.6:
    resolution: {integrity: sha512-Vi0dZvgmXmnCdoqc49WckeG5cMXnl7FTtqVhXu9JweA9cgCnkZabBd5mRvAjblb3Lo4j0HZCSPKHYWUPW70qZg==}
    engines: {node: '>=18.0.0'}
    peerDependencies:
      react: '>=16.6.0'

  victory-bar@37.3.6:
    resolution: {integrity: sha512-jdATFRWL1LUW/yEpKWx/aId2BiU2o1pPF9+Kh1TFISBduJoI4ZqvZD90H1QK4f/z50PikqiqiDECaKoKM1jfOQ==}
    engines: {node: '>=18.0.0'}
    peerDependencies:
      react: '>=16.6.0'

  victory-box-plot@37.3.6:
    resolution: {integrity: sha512-GOucnD63h14ScBuISC/nd1GBTEx6gIZfLE+0P0gyeH1poBKq0trTTvpQDvAMuGR8zICfEETG3ltmUMCwRrFyUg==}
    engines: {node: '>=18.0.0'}
    peerDependencies:
      react: '>=16.6.0'

  victory-brush-container@37.3.6:
    resolution: {integrity: sha512-LfZ2CgX1cYAqCtYxcSB68OfZS2v0T2VLXoEArd0lCXfRBY1Gya7GacCUcuo7GoK9XOXeslx7S/U95aVutt1VLg==}
    engines: {node: '>=18.0.0'}
    peerDependencies:
      react: '>=16.6.0'

  victory-chart@37.3.6:
    resolution: {integrity: sha512-IkPo/W4AJ7bPu902TGER09OseR9ODm+FQAKfOBw4JsdEhZZ7BiG9zgd/25+x0r5EsTLu81CYGQVkBa+ZazcOlA==}
    engines: {node: '>=18.0.0'}
    peerDependencies:
      react: '>=16.6.0'

  victory-core@37.3.6:
    resolution: {integrity: sha512-aFgO6KokxPbUCPznZP5UPhOdI22pMuwDXKDt6eoQOnkVim66Ia+K95TQar2nwVKGYV5j26aKVf/n9blwphGJRw==}
    engines: {node: '>=18.0.0'}
    peerDependencies:
      react: '>=16.6.0'

  victory-create-container@37.3.6:
    resolution: {integrity: sha512-Uf5bFQvqUsXCjqpvBW4LhrdrHkM6dBqxYgub6FCsBb86f84xZQ3vY7jFkg/JfvF0oGKMoWXYYrYLC1sk+fcWVA==}
    engines: {node: '>=18.0.0'}
    peerDependencies:
      react: '>=16.6.0'

  victory-cursor-container@37.3.6:
    resolution: {integrity: sha512-+Oiw57d5nE+iq8As8RvepknzmNtKq1Gsc50u1X3IRd4jXtX8zqZrgXGlVZ+BP/tkLsWnGYVjKulwKBf2oaEUuw==}
    engines: {node: '>=18.0.0'}
    peerDependencies:
      react: '>=16.6.0'

  victory-group@37.3.6:
    resolution: {integrity: sha512-kgy/Azl5BxwlJAV0KDPGypv35TMrOD1J2ZxnJW2Wyyq+e8i0GGBIv5MoBzou64BRsDlS9V0CYRIjnkHgrBpB5w==}
    engines: {node: '>=18.0.0'}
    peerDependencies:
      react: '>=16.6.0'

  victory-legend@37.3.6:
    resolution: {integrity: sha512-vRRrhj3/ENqKVLdaBMzEmR83N6BOjox1bthYT1eJjN2H5SIK35bxn30IkiV/Pz3y627EqZe4TAWaxc0jiJlCiA==}
    engines: {node: '>=18.0.0'}
    peerDependencies:
      react: '>=16.6.0'

  victory-line@37.3.6:
    resolution: {integrity: sha512-Ke817uf/qFbN9jU7Dba7CrcHXYO5wAZuKKnyeHJmLDeQeFST0773xejnIuC+dBgZipjFr4KIbSd+VcUafFNE1g==}
    engines: {node: '>=18.0.0'}
    peerDependencies:
      react: '>=16.6.0'

  victory-pie@37.3.6:
    resolution: {integrity: sha512-tvdgAZ/HQWlo3KDDe0XAVbizHuaNMbgkkiF7zfA7Ww+3bHSs+0P9dsDtK2xP365D8gBCOv8pWmuzvKRhzNbqeA==}
    engines: {node: '>=18.0.0'}
    peerDependencies:
      react: '>=16.6.0'

  victory-polar-axis@37.3.6:
    resolution: {integrity: sha512-RpFsCkzHezJq5P+C/wtVdjEHX25JIFsSgs6qYSnfr/hayaFbWgK5HhRFpriQm5hg61cx47WxAOLyHvzf0nasvw==}
    engines: {node: '>=18.0.0'}
    peerDependencies:
      react: '>=16.6.0'

  victory-scatter@37.3.6:
    resolution: {integrity: sha512-fp95zMTPXgW1cmTowzDXhn+KxePMVDrzU0lotsHQMdBV7eB+ioXdu9hORlx4VHmMYg2ihsGwRTF+VAZ7rGxphA==}
    engines: {node: '>=18.0.0'}
    peerDependencies:
      react: '>=16.6.0'

  victory-selection-container@37.3.6:
    resolution: {integrity: sha512-gd3qODDlBtLEJM7+2jCXk2YcLBUmIpYEEHswytMhwc6zihxXipGBUHRulhLj/I05mKay2gaOAg5ewiJHd4Awgw==}
    engines: {node: '>=18.0.0'}
    peerDependencies:
      react: '>=16.6.0'

  victory-shared-events@37.3.6:
    resolution: {integrity: sha512-ygrbOtzLUTbtKebacZKyQRekhSAROnAvMkVI/PKsAGsz0ClY9P7qDEJG7eTUUygjO6ax0tI6WNE6JogQzeD1gw==}
    engines: {node: '>=18.0.0'}
    peerDependencies:
      react: '>=16.6.0'

  victory-stack@37.3.6:
    resolution: {integrity: sha512-ldod04RdqGJGH5p5eWXCofdTkbhZqIp3iwW7NpxSbMDLs8zPQIVvDFVtuJgMwQiC5vnIpbhMmxVeFbr8m64ZKA==}
    engines: {node: '>=18.0.0'}
    peerDependencies:
      react: '>=16.6.0'

  victory-tooltip@37.3.6:
    resolution: {integrity: sha512-vqaJS9noauOqDDBBAV9Ln9duOY/i17h1DCfCPAqhwPFyvFbwKvAub9zPTeYWAm/14VvWX5O/0yekFCVbcC7hjg==}
    engines: {node: '>=18.0.0'}
    peerDependencies:
      react: '>=16.6.0'

  victory-vendor@37.3.6:
    resolution: {integrity: sha512-SbPDPdDBYp+5MJHhBCAyI7wKM3d5ivekigc2Dk2s7pgbZ9wIgIBYGVw4zGHBml/qTFbexrofXW6Gu4noGxrOwQ==}

  victory-voronoi-container@37.3.6:
    resolution: {integrity: sha512-qAAG0rMuK7A4EoJ4cyUk5wNdOW+HuCXNKPOko+hYK6wWOYXJvFhiglYyA85a695YyAXECc6JyJS/crm4IOEFag==}
    engines: {node: '>=18.0.0'}
    peerDependencies:
      react: '>=16.6.0'

  victory-zoom-container@37.3.6:
    resolution: {integrity: sha512-AGL+k20mI44OL5b0VgIxlmnNSefIoFmbbim5NraPmIxbtns9qQW/56ivIncJcYomBungIx99gUpsEpcQaMNHgQ==}
    engines: {node: '>=18.0.0'}
    peerDependencies:
      react: '>=16.6.0'

  vite@8.1.4:
    resolution: {integrity: sha512-bTT9PsdWO+MQMNG9ZXIP/qM9wGh37DFxTV/sPq9cFpHr3w4jkgef032PkAL9jAqhk3Nz8NQw3O8n6/xFkqO4QQ==}
    engines: {node: ^20.19.0 || >=22.12.0}
    hasBin: true
    peerDependencies:
      '@types/node': ^20.19.0 || >=22.12.0
      '@vitejs/devtools': ^0.3.0
      esbuild: ^0.27.0 || ^0.28.0
      jiti: '>=1.21.0'
      less: ^4.0.0
      sass: ^1.70.0
      sass-embedded: ^1.70.0
      stylus: '>=0.54.8'
      sugarss: ^5.0.0
      terser: ^5.16.0
      tsx: ^4.8.1
      yaml: ^2.4.2
    peerDependenciesMeta:
      '@types/node':
        optional: true
      '@vitejs/devtools':
        optional: true
      esbuild:
        optional: true
      jiti:
        optional: true
      less:
        optional: true
      sass:
        optional: true
      sass-embedded:
        optional: true
      stylus:
        optional: true
      sugarss:
        optional: true
      terser:
        optional: true
      tsx:
        optional: true
      yaml:
        optional: true

snapshots:

  '@emnapi/core@1.11.1':
    dependencies:
      '@emnapi/wasi-threads': 1.2.2
      tslib: 2.8.1
    optional: true

  '@emnapi/runtime@1.11.1':
    dependencies:
      tslib: 2.8.1
    optional: true

  '@emnapi/wasi-threads@1.2.2':
    dependencies:
      tslib: 2.8.1
    optional: true

  '@lit-labs/ssr-dom-shim@1.6.0': {}

  '@lit/reactive-element@2.1.2':
    dependencies:
      '@lit-labs/ssr-dom-shim': 1.6.0

  '@napi-rs/wasm-runtime@1.1.6(@emnapi/core@1.11.1)(@emnapi/runtime@1.11.1)':
    dependencies:
      '@emnapi/core': 1.11.1
      '@emnapi/runtime': 1.11.1
      '@tybys/wasm-util': 0.10.3
    optional: true

  '@oxc-project/types@0.138.0': {}

  '@patternfly/react-charts@8.6.0(react-dom@19.2.7(react@19.2.7))(react@19.2.7)(victory-area@37.3.6(react@19.2.7))(victory-axis@37.3.6(react@19.2.7))(victory-bar@37.3.6(react@19.2.7))(victory-box-plot@37.3.6(react@19.2.7))(victory-chart@37.3.6(react@19.2.7))(victory-core@37.3.6(react@19.2.7))(victory-create-container@37.3.6(react@19.2.7))(victory-cursor-container@37.3.6(react@19.2.7))(victory-group@37.3.6(react@19.2.7))(victory-legend@37.3.6(react@19.2.7))(victory-line@37.3.6(react@19.2.7))(victory-pie@37.3.6(react@19.2.7))(victory-scatter@37.3.6(react@19.2.7))(victory-stack@37.3.6(react@19.2.7))(victory-tooltip@37.3.6(react@19.2.7))(victory-voronoi-container@37.3.6(react@19.2.7))(victory-zoom-container@37.3.6(react@19.2.7))':
    dependencies:
      '@patternfly/react-styles': 6.6.0
      '@patternfly/react-tokens': 6.6.0
      hoist-non-react-statics: 3.3.2
      lodash: 4.18.1
      react: 19.2.7
      react-dom: 19.2.7(react@19.2.7)
      tslib: 2.8.1
    optionalDependencies:
      victory-area: 37.3.6(react@19.2.7)
      victory-axis: 37.3.6(react@19.2.7)
      victory-bar: 37.3.6(react@19.2.7)
      victory-box-plot: 37.3.6(react@19.2.7)
      victory-chart: 37.3.6(react@19.2.7)
      victory-core: 37.3.6(react@19.2.7)
      victory-create-container: 37.3.6(react@19.2.7)
      victory-cursor-container: 37.3.6(react@19.2.7)
      victory-group: 37.3.6(react@19.2.7)
      victory-legend: 37.3.6(react@19.2.7)
      victory-line: 37.3.6(react@19.2.7)
      victory-pie: 37.3.6(react@19.2.7)
      victory-scatter: 37.3.6(react@19.2.7)
      victory-stack: 37.3.6(react@19.2.7)
      victory-tooltip: 37.3.6(react@19.2.7)
      victory-voronoi-container: 37.3.6(react@19.2.7)
      victory-zoom-container: 37.3.6(react@19.2.7)

  '@patternfly/react-styles@6.6.0': {}

  '@patternfly/react-tokens@6.6.0': {}

  '@rolldown/binding-android-arm64@1.1.4':
    optional: true

  '@rolldown/binding-darwin-arm64@1.1.4':
    optional: true

  '@rolldown/binding-darwin-x64@1.1.4':
    optional: true

  '@rolldown/binding-freebsd-x64@1.1.4':
    optional: true

  '@rolldown/binding-linux-arm-gnueabihf@1.1.4':
    optional: true

  '@rolldown/binding-linux-arm64-gnu@1.1.4':
    optional: true

  '@rolldown/binding-linux-arm64-musl@1.1.4':
    optional: true

  '@rolldown/binding-linux-ppc64-gnu@1.1.4':
    optional: true

  '@rolldown/binding-linux-s390x-gnu@1.1.4':
    optional: true

  '@rolldown/binding-linux-x64-gnu@1.1.4':
    optional: true

  '@rolldown/binding-linux-x64-musl@1.1.4':
    optional: true

  '@rolldown/binding-openharmony-arm64@1.1.4':
    optional: true

  '@rolldown/binding-wasm32-wasi@1.1.4':
    dependencies:
      '@emnapi/core': 1.11.1
      '@emnapi/runtime': 1.11.1
      '@napi-rs/wasm-runtime': 1.1.6(@emnapi/core@1.11.1)(@emnapi/runtime@1.11.1)
    optional: true

  '@rolldown/binding-win32-arm64-msvc@1.1.4':
    optional: true

  '@rolldown/binding-win32-x64-msvc@1.1.4':
    optional: true

  '@rolldown/pluginutils@1.0.1': {}

  '@tybys/wasm-util@0.10.3':
    dependencies:
      tslib: 2.8.1
    optional: true

  '@types/d3-array@3.2.2': {}

  '@types/d3-color@3.1.3': {}

  '@types/d3-ease@3.0.2': {}

  '@types/d3-interpolate@3.0.4':
    dependencies:
      '@types/d3-color': 3.1.3

  '@types/d3-path@3.1.1': {}

  '@types/d3-scale@4.0.9':
    dependencies:
      '@types/d3-time': 3.0.4

  '@types/d3-shape@3.1.8':
    dependencies:
      '@types/d3-path': 3.1.1

  '@types/d3-time@3.0.4': {}

  '@types/d3-timer@3.0.2': {}

  '@types/trusted-types@2.0.7': {}

  balanced-match@4.0.4: {}

  brace-expansion@5.0.6:
    dependencies:
      balanced-match: 4.0.4

  d3-array@3.2.4:
    dependencies:
      internmap: 2.0.3

  d3-color@3.1.0: {}

  d3-ease@3.0.1: {}

  d3-format@3.1.2: {}

  d3-interpolate@3.0.1:
    dependencies:
      d3-color: 3.1.0

  d3-path@3.1.0: {}

  d3-scale@4.0.2:
    dependencies:
      d3-array: 3.2.4
      d3-format: 3.1.2
      d3-interpolate: 3.0.1
      d3-time: 3.1.0
      d3-time-format: 4.1.0

  d3-shape@3.2.0:
    dependencies:
      d3-path: 3.1.0

  d3-time-format@4.1.0:
    dependencies:
      d3-time: 3.1.0

  d3-time@3.1.0:
    dependencies:
      d3-array: 3.2.4

  d3-timer@3.0.1: {}

  delaunator@4.0.1: {}

  delaunay-find@0.0.6:
    dependencies:
      delaunator: 4.0.1

  detect-libc@2.1.2: {}

  fdir@6.5.0(picomatch@4.0.4):
    optionalDependencies:
      picomatch: 4.0.4

  fsevents@2.3.3:
    optional: true

  glob@13.0.6:
    dependencies:
      minimatch: 10.2.5
      minipass: 7.1.3
      path-scurry: 2.0.2

  hoist-non-react-statics@3.3.2:
    dependencies:
      react-is: 16.13.1

  internmap@2.0.3: {}

  json-stringify-safe@5.0.1: {}

  lightningcss-android-arm64@1.32.0:
    optional: true

  lightningcss-darwin-arm64@1.32.0:
    optional: true

  lightningcss-darwin-x64@1.32.0:
    optional: true

  lightningcss-freebsd-x64@1.32.0:
    optional: true

  lightningcss-linux-arm-gnueabihf@1.32.0:
    optional: true

  lightningcss-linux-arm64-gnu@1.32.0:
    optional: true

  lightningcss-linux-arm64-musl@1.32.0:
    optional: true

  lightningcss-linux-x64-gnu@1.32.0:
    optional: true

  lightningcss-linux-x64-musl@1.32.0:
    optional: true

  lightningcss-win32-arm64-msvc@1.32.0:
    optional: true

  lightningcss-win32-x64-msvc@1.32.0:
    optional: true

  lightningcss@1.32.0:
    dependencies:
      detect-libc: 2.1.2
    optionalDependencies:
      lightningcss-android-arm64: 1.32.0
      lightningcss-darwin-arm64: 1.32.0
      lightningcss-darwin-x64: 1.32.0
      lightningcss-freebsd-x64: 1.32.0
      lightningcss-linux-arm-gnueabihf: 1.32.0
      lightningcss-linux-arm64-gnu: 1.32.0
      lightningcss-linux-arm64-musl: 1.32.0
      lightningcss-linux-x64-gnu: 1.32.0
      lightningcss-linux-x64-musl: 1.32.0
      lightningcss-win32-arm64-msvc: 1.32.0
      lightningcss-win32-x64-msvc: 1.32.0

  lit-element@4.2.2:
    dependencies:
      '@lit-labs/ssr-dom-shim': 1.6.0
      '@lit/reactive-element': 2.1.2
      lit-html: 3.3.3

  lit-html@3.3.3:
    dependencies:
      '@types/trusted-types': 2.0.7

  lit@3.3.3:
    dependencies:
      '@lit/reactive-element': 2.1.2
      lit-element: 4.2.2
      lit-html: 3.3.3

  lodash@4.18.1: {}

  lru-cache@11.5.1: {}

  minimatch@10.2.5:
    dependencies:
      brace-expansion: 5.0.6

  minipass@7.1.3: {}

  nanoid@3.3.12: {}

  package-json-from-dist@1.0.1: {}

  path-scurry@2.0.2:
    dependencies:
      lru-cache: 11.5.1
      minipass: 7.1.3

  picocolors@1.1.1: {}

  picomatch@4.0.4: {}

  picomatch@4.0.5: {}

  postcss@8.5.16:
    dependencies:
      nanoid: 3.3.12
      picocolors: 1.1.1
      source-map-js: 1.2.1

  react-dom@19.2.7(react@19.2.7):
    dependencies:
      react: 19.2.7
      scheduler: 0.27.0

  react-fast-compare@3.2.2: {}

  react-is@16.13.1: {}

  react@19.2.7: {}

  rimraf@6.1.3:
    dependencies:
      glob: 13.0.6
      package-json-from-dist: 1.0.1

  rolldown@1.1.4:
    dependencies:
      '@oxc-project/types': 0.138.0
      '@rolldown/pluginutils': 1.0.1
    optionalDependencies:
      '@rolldown/binding-android-arm64': 1.1.4
      '@rolldown/binding-darwin-arm64': 1.1.4
      '@rolldown/binding-darwin-x64': 1.1.4
      '@rolldown/binding-freebsd-x64': 1.1.4
      '@rolldown/binding-linux-arm-gnueabihf': 1.1.4
      '@rolldown/binding-linux-arm64-gnu': 1.1.4
      '@rolldown/binding-linux-arm64-musl': 1.1.4
      '@rolldown/binding-linux-ppc64-gnu': 1.1.4
      '@rolldown/binding-linux-s390x-gnu': 1.1.4
      '@rolldown/binding-linux-x64-gnu': 1.1.4
      '@rolldown/binding-linux-x64-musl': 1.1.4
      '@rolldown/binding-openharmony-arm64': 1.1.4
      '@rolldown/binding-wasm32-wasi': 1.1.4
      '@rolldown/binding-win32-arm64-msvc': 1.1.4
      '@rolldown/binding-win32-x64-msvc': 1.1.4

  scheduler@0.27.0: {}

  source-map-js@1.2.1: {}

  tinyglobby@0.2.17:
    dependencies:
      fdir: 6.5.0(picomatch@4.0.4)
      picomatch: 4.0.4

  tslib@2.8.1: {}

  victory-area@37.3.6(react@19.2.7):
    dependencies:
      lodash: 4.18.1
      react: 19.2.7
      victory-core: 37.3.6(react@19.2.7)
      victory-vendor: 37.3.6

  victory-axis@37.3.6(react@19.2.7):
    dependencies:
      lodash: 4.18.1
      react: 19.2.7
      victory-core: 37.3.6(react@19.2.7)

  victory-bar@37.3.6(react@19.2.7):
    dependencies:
      lodash: 4.18.1
      react: 19.2.7
      victory-core: 37.3.6(react@19.2.7)
      victory-vendor: 37.3.6

  victory-box-plot@37.3.6(react@19.2.7):
    dependencies:
      lodash: 4.18.1
      react: 19.2.7
      victory-core: 37.3.6(react@19.2.7)
      victory-vendor: 37.3.6

  victory-brush-container@37.3.6(react@19.2.7):
    dependencies:
      lodash: 4.18.1
      react: 19.2.7
      react-fast-compare: 3.2.2
      victory-core: 37.3.6(react@19.2.7)

  victory-chart@37.3.6(react@19.2.7):
    dependencies:
      lodash: 4.18.1
      react: 19.2.7
      react-fast-compare: 3.2.2
      victory-axis: 37.3.6(react@19.2.7)
      victory-core: 37.3.6(react@19.2.7)
      victory-polar-axis: 37.3.6(react@19.2.7)
      victory-shared-events: 37.3.6(react@19.2.7)

  victory-core@37.3.6(react@19.2.7):
    dependencies:
      lodash: 4.18.1
      react: 19.2.7
      react-fast-compare: 3.2.2
      victory-vendor: 37.3.6

  victory-create-container@37.3.6(react@19.2.7):
    dependencies:
      lodash: 4.18.1
      react: 19.2.7
      victory-brush-container: 37.3.6(react@19.2.7)
      victory-core: 37.3.6(react@19.2.7)
      victory-cursor-container: 37.3.6(react@19.2.7)
      victory-selection-container: 37.3.6(react@19.2.7)
      victory-voronoi-container: 37.3.6(react@19.2.7)
      victory-zoom-container: 37.3.6(react@19.2.7)

  victory-cursor-container@37.3.6(react@19.2.7):
    dependencies:
      lodash: 4.18.1
      react: 19.2.7
      victory-core: 37.3.6(react@19.2.7)

  victory-group@37.3.6(react@19.2.7):
    dependencies:
      lodash: 4.18.1
      react: 19.2.7
      react-fast-compare: 3.2.2
      victory-core: 37.3.6(react@19.2.7)
      victory-shared-events: 37.3.6(react@19.2.7)

  victory-legend@37.3.6(react@19.2.7):
    dependencies:
      lodash: 4.18.1
      react: 19.2.7
      victory-core: 37.3.6(react@19.2.7)

  victory-line@37.3.6(react@19.2.7):
    dependencies:
      lodash: 4.18.1
      react: 19.2.7
      victory-core: 37.3.6(react@19.2.7)
      victory-vendor: 37.3.6

  victory-pie@37.3.6(react@19.2.7):
    dependencies:
      lodash: 4.18.1
      react: 19.2.7
      victory-core: 37.3.6(react@19.2.7)
      victory-vendor: 37.3.6

  victory-polar-axis@37.3.6(react@19.2.7):
    dependencies:
      lodash: 4.18.1
      react: 19.2.7
      victory-core: 37.3.6(react@19.2.7)

  victory-scatter@37.3.6(react@19.2.7):
    dependencies:
      lodash: 4.18.1
      react: 19.2.7
      victory-core: 37.3.6(react@19.2.7)

  victory-selection-container@37.3.6(react@19.2.7):
    dependencies:
      lodash: 4.18.1
      react: 19.2.7
      victory-core: 37.3.6(react@19.2.7)

  victory-shared-events@37.3.6(react@19.2.7):
    dependencies:
      json-stringify-safe: 5.0.1
      lodash: 4.18.1
      react: 19.2.7
      react-fast-compare: 3.2.2
      victory-core: 37.3.6(react@19.2.7)

  victory-stack@37.3.6(react@19.2.7):
    dependencies:
      lodash: 4.18.1
      react: 19.2.7
      react-fast-compare: 3.2.2
      victory-core: 37.3.6(react@19.2.7)
      victory-shared-events: 37.3.6(react@19.2.7)

  victory-tooltip@37.3.6(react@19.2.7):
    dependencies:
      lodash: 4.18.1
      react: 19.2.7
      victory-core: 37.3.6(react@19.2.7)

  victory-vendor@37.3.6:
    dependencies:
      '@types/d3-array': 3.2.2
      '@types/d3-ease': 3.0.2
      '@types/d3-interpolate': 3.0.4
      '@types/d3-scale': 4.0.9
      '@types/d3-shape': 3.1.8
      '@types/d3-time': 3.0.4
      '@types/d3-timer': 3.0.2
      d3-array: 3.2.4
      d3-ease: 3.0.1
      d3-interpolate: 3.0.1
      d3-scale: 4.0.2
      d3-shape: 3.2.0
      d3-time: 3.1.0
      d3-timer: 3.0.1

  victory-voronoi-container@37.3.6(react@19.2.7):
    dependencies:
      delaunay-find: 0.0.6
      lodash: 4.18.1
      react: 19.2.7
      react-fast-compare: 3.2.2
      victory-core: 37.3.6(react@19.2.7)
      victory-tooltip: 37.3.6(react@19.2.7)

  victory-zoom-container@37.3.6(react@19.2.7):
    dependencies:
      lodash: 4.18.1
      react: 19.2.7
      victory-core: 37.3.6(react@19.2.7)

  vite@8.1.4:
    dependencies:
      lightningcss: 1.32.0
      picomatch: 4.0.5
      postcss: 8.5.16
      rolldown: 1.1.4
      tinyglobby: 0.2.17
    optionalDependencies:
      fsevents: 2.3.3
