lockfileVersion: '9.0'

settings:
  autoInstallPeers: true
  excludeLinksFromLockfile: false

importers:

  .:
    devDependencies:
      '@patternfly/react-tokens':
        specifier: ^6.6.1
        version: 6.6.1
      '@types/node':
        specifier: ^26.2.0
        version: 26.2.0
      camelcase:
        specifier: ^9.0.0
        version: 9.0.0

packages:

  '@patternfly/react-tokens@6.6.1':
    resolution: {integrity: sha512-t7dDEJMnO3QkdIKyjbyKJznVYki9ONZG27Cn/9RXwaM0lDGCrgQEJXy2XoVUCdYhIdXZu+TGSEqXeNFYUyZECg==}

  '@types/node@26.2.0':
    resolution: {integrity: sha512-5IviulTZeRNp2vAJ514cc/HUlY5nZ9fCbq9DMyC52BrhFZACo3nI0R7qBxhQmo/d27NFe96ur/b7Wwxklda+kg==}

  camelcase@9.0.0:
    resolution: {integrity: sha512-TO9xmyXTZ9HUHI8M1OnvExxYB0eYVS/1e5s7IDMTAoIcwUd+aNcFODs6Xk83mobk0velyHFQgA1yIrvYc6wclw==}
    engines: {node: '>=20'}

  undici-types@8.3.0:
    resolution: {integrity: sha512-j375ScV60dom+YkPFIfTLcOiPxkN/buHz5GobjLhixFuANaNs3C9l4GmrWqejgXWJ7BbJcFYpTEUkS1Ge8bpZQ==}

snapshots:

  '@patternfly/react-tokens@6.6.1': {}

  '@types/node@26.2.0':
    dependencies:
      undici-types: 8.3.0

  camelcase@9.0.0: {}

  undici-types@8.3.0: {}
