lockfileVersion: '9.0'

settings:
  autoInstallPeers: true
  excludeLinksFromLockfile: false

importers:

  .:
    devDependencies:
      '@patternfly/react-tokens':
        specifier: ^6.6.0
        version: 6.6.0
      '@types/node':
        specifier: ^26.1.1
        version: 26.1.1
      camelcase:
        specifier: ^9.0.0
        version: 9.0.0

packages:

  '@patternfly/react-tokens@6.6.0':
    resolution: {integrity: sha512-oRUFYJAM9LKYTM9YRnd7rz3wB6ZoaBWit/Eu+EK22J4o5AhZRjLt0+ewXQ7I99dBP4c8BbnPEUFnxQYAroqNLg==}

  '@types/node@26.1.1':
    resolution: {integrity: sha512-nxAkRSVkN1Y0JC1W8ky/fTfkGsMmcrRsbx+3XoZE+rMOX71kLYTV7fLXpqud1GpbpP5TuffXFqfX7fH2GgZREw==}

  camelcase@9.0.0:
    resolution: {integrity: sha512-TO9xmyXTZ9HUHI8M1OnvExxYB0eYVS/1e5s7IDMTAoIcwUd+aNcFODs6Xk83mobk0velyHFQgA1yIrvYc6wclw==}
    engines: {node: '>=20'}

  undici-types@8.3.0:
    resolution: {integrity: sha512-j375ScV60dom+YkPFIfTLcOiPxkN/buHz5GobjLhixFuANaNs3C9l4GmrWqejgXWJ7BbJcFYpTEUkS1Ge8bpZQ==}

snapshots:

  '@patternfly/react-tokens@6.6.0': {}

  '@types/node@26.1.1':
    dependencies:
      undici-types: 8.3.0

  camelcase@9.0.0: {}

  undici-types@8.3.0: {}
